
Microsoft Visual Studio Solution File, Format Version 12.00
# Visual Studio 15
VisualStudioVersion = 15.0.28307.1300
MinimumVisualStudioVersion = 10.0.40219.1
Project("{FAE04EC0-301F-11D3-BF4B-00C04F79EFBC}") = "GasStation", "GasStation\GasStation.csproj", "{78455788-219A-401E-8194-2A2B75D3CCCC}"
EndProject
Global
	GlobalSection(SolutionConfigurationPlatforms) = preSolution
		Debug|Any CPU = Debug|Any CPU
		Release|Any CPU = Release|Any CPU
	EndGlobalSection
	GlobalSection(ProjectConfigurationPlatforms) = postSolution
		{78455788-219A-401E-8194-2A2B75D3CCCC}.Debug|Any CPU.ActiveCfg = Debug|Any CPU
		{78455788-219A-401E-8194-2A2B75D3CCCC}.Debug|Any CPU.Build.0 = Debug|Any CPU
		{78455788-219A-401E-8194-2A2B75D3CCCC}.Release|Any CPU.ActiveCfg = Release|Any CPU
		{78455788-219A-401E-8194-2A2B75D3CCCC}.Release|Any CPU.Build.0 = Release|Any CPU
	EndGlobalSection
	GlobalSection(SolutionProperties) = preSolution
		HideSolutionNode = FALSE
	EndGlobalSection
	GlobalSection(ExtensibilityGlobals) = postSolution
		SolutionGuid = {33E66E5C-4252-4897-97CB-040FC4D22BC9}
	EndGlobalSection
EndGlobal
